<?xml version="1.0" encoding="utf-8"?>
<Project ToolsVersion="4.0" xmlns="http://schemas.microsoft.com/developer/msbuild/2003">
  <ItemGroup>
    <ClCompile Include="Game.cpp" />
    <ClCompile Include="InputHandler.cpp" />
    <ClCompile Include="main.cpp" />
    <ClCompile Include="TextureManager.cpp" />
    <ClCompile Include="Vector2D.cpp" />
    <ClCompile Include="Enemy.cpp">
      <Filter>GameObjects</Filter>
    </ClCompile>
    <ClCompile Include="Player.cpp">
      <Filter>GameObjects</Filter>
    </ClCompile>
    <ClCompile Include="SDLGameObject.cpp">
      <Filter>GameObjects</Filter>
    </ClCompile>
    <ClCompile Include="GameStateMachine.cpp">
      <Filter>FSM</Filter>
    </ClCompile>
    <ClCompile Include="PlayState.cpp">
      <Filter>FSM</Filter>
    </ClCompile>
    <ClCompile Include="MenuState.cpp">
      <Filter>FSM</Filter>
    </ClCompile>
    <ClCompile Include="MenuButton.cpp">
      <Filter>GameObjects</Filter>
    </ClCompile>
  </ItemGroup>
  <ItemGroup>
    <ClInclude Include="Game.h" />
    <ClInclude Include="InputHandler.h" />
    <ClInclude Include="TextureManager.h" />
    <ClInclude Include="Vector2D.h" />
    <ClInclude Include="Enemy.h">
      <Filter>GameObjects</Filter>
    </ClInclude>
    <ClInclude Include="GameObject.h">
      <Filter>GameObjects</Filter>
    </ClInclude>
    <ClInclude Include="Player.h">
      <Filter>GameObjects</Filter>
    </ClInclude>
    <ClInclude Include="SDLGameObject.h">
      <Filter>GameObjects</Filter>
    </ClInclude>
    <ClInclude Include="GameStateMachine.h">
      <Filter>FSM</Filter>
    </ClInclude>
    <ClInclude Include="GameState.h">
      <Filter>FSM</Filter>
    </ClInclude>
    <ClInclude Include="PlayState.h">
      <Filter>FSM</Filter>
    </ClInclude>
    <ClInclude Include="MenuState.h">
      <Filter>FSM</Filter>
    </ClInclude>
    <ClInclude Include="LoaderParams.h" />
    <ClInclude Include="MenuButton.h">
      <Filter>GameObjects</Filter>
    </ClInclude>
  </ItemGroup>
  <ItemGroup>
    <Filter Include="GameObjects">
      <UniqueIdentifier>{112acd8e-1378-4c6e-94bf-36c902335c35}</UniqueIdentifier>
    </Filter>
    <Filter Include="FSM">
      <UniqueIdentifier>{1ea9110c-377c-423e-bee8-07fa87bcc70a}</UniqueIdentifier>
    </Filter>
  </ItemGroup>
</Project>