
Microsoft Visual Studio Solution File, Format Version 12.00
# Visual Studio 15
VisualStudioVersion = 15.0.27703.2047
MinimumVisualStudioVersion = 10.0.40219.1
Project("{8BC9CEB8-8B4A-11D0-8D11-00A0C91BC942}") = "PP01.HelloSDL", "PP01.HelloSDL\PP01.HelloSDL.vcxproj", "{1F17ACB5-6D2F-4CF3-82B5-A566D61515A4}"
EndProject
Project("{8BC9CEB8-8B4A-11D0-8D11-00A0C91BC942}") = "PP02.BreakUpHelloSDL", "PP02.BreakUpHelloSDL\PP02.BreakUpHelloSDL.vcxproj", "{E3280942-40FA-4CC6-95AC-F1B32224342B}"
EndProject
Project("{8BC9CEB8-8B4A-11D0-8D11-00A0C91BC942}") = "PP03.GameClass", "PP03.GameClass\PP03.GameClass.vcxproj", "{85BED820-32EE-4C34-A5AA-7D5F3351A98F}"
EndProject
Project("{8BC9CEB8-8B4A-11D0-8D11-00A0C91BC942}") = "PP04.BasicDrawing", "PP04.BasicDrawing\PP04.BasicDrawing.vcxproj", "{3BF0D5CA-1B95-4A5A-BA4B-1BC8F8EF98F7}"
EndProject
Project("{8BC9CEB8-8B4A-11D0-8D11-00A0C91BC942}") = "HH03", "HH03\HH03.vcxproj", "{A62E145D-D5EF-4FDC-AEFC-86810548DD53}"
EndProject
Project("{8BC9CEB8-8B4A-11D0-8D11-00A0C91BC942}") = "PP05.AnimatingSprite", "PP05.AnimatingSprite\PP05.AnimatingSprite.vcxproj", "{D07A5A42-20F8-449E-958C-753C87E31557}"
EndProject
Project("{8BC9CEB8-8B4A-11D0-8D11-00A0C91BC942}") = "PP06.ImageSprite", "PP06.ImageSprite\PP06.ImageSprite.vcxproj", "{680F0DE2-AA47-442C-8CC3-1FA01197D26A}"
EndProject
Project("{8BC9CEB8-8B4A-11D0-8D11-00A0C91BC942}") = "PP07.TextureManager", "PP07.TextureManager\PP07.TextureManager.vcxproj", "{CD7BE622-CBDE-4599-B06C-9CE909C7D415}"
EndProject
Project("{8BC9CEB8-8B4A-11D0-8D11-00A0C91BC942}") = "PP08.SingletonTM", "PP08.SingletonTM\PP08.SingletonTM.vcxproj", "{3E2CCE13-2C19-4F5A-977F-005F3282E41B}"
EndProject
Project("{8BC9CEB8-8B4A-11D0-8D11-00A0C91BC942}") = "HH04", "HH04\HH04.vcxproj", "{CCE11D10-EC69-4682-95E3-DB6DD3CA7997}"
EndProject
Project("{8BC9CEB8-8B4A-11D0-8D11-00A0C91BC942}") = "PP09.Inheritance", "PP09.Inheritance\PP09.Inheritance.vcxproj", "{8C2FA005-567D-4DDC-B481-B04758131B46}"
EndProject
Project("{8BC9CEB8-8B4A-11D0-8D11-00A0C91BC942}") = "PP10.Polymorphism", "PP10.Polymorphism\PP10.Polymorphism.vcxproj", "{70170048-3A16-4247-8C76-060186C5F855}"
EndProject
Project("{8BC9CEB8-8B4A-11D0-8D11-00A0C91BC942}") = "HH05_TimeCycle", "HH05_TimeCycle\HH05_TimeCycle.vcxproj", "{3D2E41B4-C02E-4B90-B4EE-EA7730B45620}"
EndProject
Project("{8BC9CEB8-8B4A-11D0-8D11-00A0C91BC942}") = "HH05_DistanceCycle", "HH05_DistanceCycle\HH05_DistanceCycle.vcxproj", "{9AC4D3CE-9785-4A0C-8DC5-E470DDB105E1}"
EndProject
Project("{8BC9CEB8-8B4A-11D0-8D11-00A0C91BC942}") = "PP11.AbstractClass", "PP11.AbstractClass\PP11.AbstractClass.vcxproj", "{4B062514-2B3D-4947-8061-71AC8636385B}"
EndProject
Project("{8BC9CEB8-8B4A-11D0-8D11-00A0C91BC942}") = "PP12.Vector2D", "PP12.Vector2D\PP12.Vector2D.vcxproj", "{7B4E14B0-4DCC-48C5-9715-AEFC267D5927}"
EndProject
Project("{8BC9CEB8-8B4A-11D0-8D11-00A0C91BC942}") = "PP13.KInputHandler", "PP13.KInputHandler\PP13.KInputHandler.vcxproj", "{BE873665-A86B-45E1-AFFC-DFE96483114A}"
EndProject
Project("{8BC9CEB8-8B4A-11D0-8D11-00A0C91BC942}") = "PP14.MInputHandler", "PP14.MInputHandler\PP14.MInputHandler.vcxproj", "{6A5BCFCC-460F-487E-8529-4D06BC136080}"
EndProject
Project("{8BC9CEB8-8B4A-11D0-8D11-00A0C91BC942}") = "HH07", "HH07\HH07.vcxproj", "{0F009046-7A04-4966-8A1A-53169BC4F466}"
EndProject
Project("{8BC9CEB8-8B4A-11D0-8D11-00A0C91BC942}") = "PP15.FSM", "PP15.FSM\PP15.FSM.vcxproj", "{4B241BCA-0118-4D09-8A08-9502370C7338}"
EndProject
Project("{8BC9CEB8-8B4A-11D0-8D11-00A0C91BC942}") = "PP16.MenuState", "PP16.MenuState\PP16.MenuState.vcxproj", "{AA9F490E-63D6-403E-AA56-674D8C62CF22}"
EndProject
Project("{8BC9CEB8-8B4A-11D0-8D11-00A0C91BC942}") = "PP17.PlayState", "PP17.PlayState\PP17.PlayState.vcxproj", "{37FA2075-DD61-498C-BAB3-822449ADA44A}"
EndProject
Project("{8BC9CEB8-8B4A-11D0-8D11-00A0C91BC942}") = "PP18.PauseState", "PP18.PauseState\PP18.PauseState.vcxproj", "{ABF314DE-54B3-47FC-8D34-D45B8A6ADF3E}"
EndProject
Project("{8BC9CEB8-8B4A-11D0-8D11-00A0C91BC942}") = "PP19.GameOverState", "PP19.GameOverState\PP19.GameOverState.vcxproj", "{D68E3A3D-08BD-4914-83E1-3019428533C5}"
EndProject
Project("{8BC9CEB8-8B4A-11D0-8D11-00A0C91BC942}") = "MiniGame", "MiniGame\MiniGame.vcxproj", "{14AD9E80-5396-4FA2-89F0-76AE62A70C1F}"
EndProject
Global
	GlobalSection(SolutionConfigurationPlatforms) = preSolution
		Debug|x64 = Debug|x64
		Debug|x86 = Debug|x86
		Release|x64 = Release|x64
		Release|x86 = Release|x86
	EndGlobalSection
	GlobalSection(ProjectConfigurationPlatforms) = postSolution
		{1F17ACB5-6D2F-4CF3-82B5-A566D61515A4}.Debug|x64.ActiveCfg = Debug|x64
		{1F17ACB5-6D2F-4CF3-82B5-A566D61515A4}.Debug|x64.Build.0 = Debug|x64
		{1F17ACB5-6D2F-4CF3-82B5-A566D61515A4}.Debug|x86.ActiveCfg = Debug|Win32
		{1F17ACB5-6D2F-4CF3-82B5-A566D61515A4}.Debug|x86.Build.0 = Debug|Win32
		{1F17ACB5-6D2F-4CF3-82B5-A566D61515A4}.Release|x64.ActiveCfg = Release|x64
		{1F17ACB5-6D2F-4CF3-82B5-A566D61515A4}.Release|x64.Build.0 = Release|x64
		{1F17ACB5-6D2F-4CF3-82B5-A566D61515A4}.Release|x86.ActiveCfg = Release|Win32
		{1F17ACB5-6D2F-4CF3-82B5-A566D61515A4}.Release|x86.Build.0 = Release|Win32
		{E3280942-40FA-4CC6-95AC-F1B32224342B}.Debug|x64.ActiveCfg = Debug|x64
		{E3280942-40FA-4CC6-95AC-F1B32224342B}.Debug|x64.Build.0 = Debug|x64
		{E3280942-40FA-4CC6-95AC-F1B32224342B}.Debug|x86.ActiveCfg = Debug|Win32
		{E3280942-40FA-4CC6-95AC-F1B32224342B}.Debug|x86.Build.0 = Debug|Win32
		{E3280942-40FA-4CC6-95AC-F1B32224342B}.Release|x64.ActiveCfg = Release|x64
		{E3280942-40FA-4CC6-95AC-F1B32224342B}.Release|x64.Build.0 = Release|x64
		{E3280942-40FA-4CC6-95AC-F1B32224342B}.Release|x86.ActiveCfg = Release|Win32
		{E3280942-40FA-4CC6-95AC-F1B32224342B}.Release|x86.Build.0 = Release|Win32
		{85BED820-32EE-4C34-A5AA-7D5F3351A98F}.Debug|x64.ActiveCfg = Debug|x64
		{85BED820-32EE-4C34-A5AA-7D5F3351A98F}.Debug|x64.Build.0 = Debug|x64
		{85BED820-32EE-4C34-A5AA-7D5F3351A98F}.Debug|x86.ActiveCfg = Debug|Win32
		{85BED820-32EE-4C34-A5AA-7D5F3351A98F}.Debug|x86.Build.0 = Debug|Win32
		{85BED820-32EE-4C34-A5AA-7D5F3351A98F}.Release|x64.ActiveCfg = Release|x64
		{85BED820-32EE-4C34-A5AA-7D5F3351A98F}.Release|x64.Build.0 = Release|x64
		{85BED820-32EE-4C34-A5AA-7D5F3351A98F}.Release|x86.ActiveCfg = Release|Win32
		{85BED820-32EE-4C34-A5AA-7D5F3351A98F}.Release|x86.Build.0 = Release|Win32
		{3BF0D5CA-1B95-4A5A-BA4B-1BC8F8EF98F7}.Debug|x64.ActiveCfg = Debug|x64
		{3BF0D5CA-1B95-4A5A-BA4B-1BC8F8EF98F7}.Debug|x64.Build.0 = Debug|x64
		{3BF0D5CA-1B95-4A5A-BA4B-1BC8F8EF98F7}.Debug|x86.ActiveCfg = Debug|Win32
		{3BF0D5CA-1B95-4A5A-BA4B-1BC8F8EF98F7}.Debug|x86.Build.0 = Debug|Win32
		{3BF0D5CA-1B95-4A5A-BA4B-1BC8F8EF98F7}.Release|x64.ActiveCfg = Release|x64
		{3BF0D5CA-1B95-4A5A-BA4B-1BC8F8EF98F7}.Release|x64.Build.0 = Release|x64
		{3BF0D5CA-1B95-4A5A-BA4B-1BC8F8EF98F7}.Release|x86.ActiveCfg = Release|Win32
		{3BF0D5CA-1B95-4A5A-BA4B-1BC8F8EF98F7}.Release|x86.Build.0 = Release|Win32
		{A62E145D-D5EF-4FDC-AEFC-86810548DD53}.Debug|x64.ActiveCfg = Debug|x64
		{A62E145D-D5EF-4FDC-AEFC-86810548DD53}.Debug|x64.Build.0 = Debug|x64
		{A62E145D-D5EF-4FDC-AEFC-86810548DD53}.Debug|x86.ActiveCfg = Debug|Win32
		{A62E145D-D5EF-4FDC-AEFC-86810548DD53}.Debug|x86.Build.0 = Debug|Win32
		{A62E145D-D5EF-4FDC-AEFC-86810548DD53}.Release|x64.ActiveCfg = Release|x64
		{A62E145D-D5EF-4FDC-AEFC-86810548DD53}.Release|x64.Build.0 = Release|x64
		{A62E145D-D5EF-4FDC-AEFC-86810548DD53}.Release|x86.ActiveCfg = Release|Win32
		{A62E145D-D5EF-4FDC-AEFC-86810548DD53}.Release|x86.Build.0 = Release|Win32
		{D07A5A42-20F8-449E-958C-753C87E31557}.Debug|x64.ActiveCfg = Debug|x64
		{D07A5A42-20F8-449E-958C-753C87E31557}.Debug|x64.Build.0 = Debug|x64
		{D07A5A42-20F8-449E-958C-753C87E31557}.Debug|x86.ActiveCfg = Debug|Win32
		{D07A5A42-20F8-449E-958C-753C87E31557}.Debug|x86.Build.0 = Debug|Win32
		{D07A5A42-20F8-449E-958C-753C87E31557}.Release|x64.ActiveCfg = Release|x64
		{D07A5A42-20F8-449E-958C-753C87E31557}.Release|x64.Build.0 = Release|x64
		{D07A5A42-20F8-449E-958C-753C87E31557}.Release|x86.ActiveCfg = Release|Win32
		{D07A5A42-20F8-449E-958C-753C87E31557}.Release|x86.Build.0 = Release|Win32
		{680F0DE2-AA47-442C-8CC3-1FA01197D26A}.Debug|x64.ActiveCfg = Debug|x64
		{680F0DE2-AA47-442C-8CC3-1FA01197D26A}.Debug|x64.Build.0 = Debug|x64
		{680F0DE2-AA47-442C-8CC3-1FA01197D26A}.Debug|x86.ActiveCfg = Debug|Win32
		{680F0DE2-AA47-442C-8CC3-1FA01197D26A}.Debug|x86.Build.0 = Debug|Win32
		{680F0DE2-AA47-442C-8CC3-1FA01197D26A}.Release|x64.ActiveCfg = Release|x64
		{680F0DE2-AA47-442C-8CC3-1FA01197D26A}.Release|x64.Build.0 = Release|x64
		{680F0DE2-AA47-442C-8CC3-1FA01197D26A}.Release|x86.ActiveCfg = Release|Win32
		{680F0DE2-AA47-442C-8CC3-1FA01197D26A}.Release|x86.Build.0 = Release|Win32
		{CD7BE622-CBDE-4599-B06C-9CE909C7D415}.Debug|x64.ActiveCfg = Debug|x64
		{CD7BE622-CBDE-4599-B06C-9CE909C7D415}.Debug|x64.Build.0 = Debug|x64
		{CD7BE622-CBDE-4599-B06C-9CE909C7D415}.Debug|x86.ActiveCfg = Debug|Win32
		{CD7BE622-CBDE-4599-B06C-9CE909C7D415}.Debug|x86.Build.0 = Debug|Win32
		{CD7BE622-CBDE-4599-B06C-9CE909C7D415}.Release|x64.ActiveCfg = Release|x64
		{CD7BE622-CBDE-4599-B06C-9CE909C7D415}.Release|x64.Build.0 = Release|x64
		{CD7BE622-CBDE-4599-B06C-9CE909C7D415}.Release|x86.ActiveCfg = Release|Win32
		{CD7BE622-CBDE-4599-B06C-9CE909C7D415}.Release|x86.Build.0 = Release|Win32
		{3E2CCE13-2C19-4F5A-977F-005F3282E41B}.Debug|x64.ActiveCfg = Debug|x64
		{3E2CCE13-2C19-4F5A-977F-005F3282E41B}.Debug|x64.Build.0 = Debug|x64
		{3E2CCE13-2C19-4F5A-977F-005F3282E41B}.Debug|x86.ActiveCfg = Debug|Win32
		{3E2CCE13-2C19-4F5A-977F-005F3282E41B}.Debug|x86.Build.0 = Debug|Win32
		{3E2CCE13-2C19-4F5A-977F-005F3282E41B}.Release|x64.ActiveCfg = Release|x64
		{3E2CCE13-2C19-4F5A-977F-005F3282E41B}.Release|x64.Build.0 = Release|x64
		{3E2CCE13-2C19-4F5A-977F-005F3282E41B}.Release|x86.ActiveCfg = Release|Win32
		{3E2CCE13-2C19-4F5A-977F-005F3282E41B}.Release|x86.Build.0 = Release|Win32
		{CCE11D10-EC69-4682-95E3-DB6DD3CA7997}.Debug|x64.ActiveCfg = Debug|x64
		{CCE11D10-EC69-4682-95E3-DB6DD3CA7997}.Debug|x64.Build.0 = Debug|x64
		{CCE11D10-EC69-4682-95E3-DB6DD3CA7997}.Debug|x86.ActiveCfg = Debug|Win32
		{CCE11D10-EC69-4682-95E3-DB6DD3CA7997}.Debug|x86.Build.0 = Debug|Win32
		{CCE11D10-EC69-4682-95E3-DB6DD3CA7997}.Release|x64.ActiveCfg = Release|x64
		{CCE11D10-EC69-4682-95E3-DB6DD3CA7997}.Release|x64.Build.0 = Release|x64
		{CCE11D10-EC69-4682-95E3-DB6DD3CA7997}.Release|x86.ActiveCfg = Release|Win32
		{CCE11D10-EC69-4682-95E3-DB6DD3CA7997}.Release|x86.Build.0 = Release|Win32
		{8C2FA005-567D-4DDC-B481-B04758131B46}.Debug|x64.ActiveCfg = Debug|x64
		{8C2FA005-567D-4DDC-B481-B04758131B46}.Debug|x64.Build.0 = Debug|x64
		{8C2FA005-567D-4DDC-B481-B04758131B46}.Debug|x86.ActiveCfg = Debug|Win32
		{8C2FA005-567D-4DDC-B481-B04758131B46}.Debug|x86.Build.0 = Debug|Win32
		{8C2FA005-567D-4DDC-B481-B04758131B46}.Release|x64.ActiveCfg = Release|x64
		{8C2FA005-567D-4DDC-B481-B04758131B46}.Release|x64.Build.0 = Release|x64
		{8C2FA005-567D-4DDC-B481-B04758131B46}.Release|x86.ActiveCfg = Release|Win32
		{8C2FA005-567D-4DDC-B481-B04758131B46}.Release|x86.Build.0 = Release|Win32
		{70170048-3A16-4247-8C76-060186C5F855}.Debug|x64.ActiveCfg = Debug|x64
		{70170048-3A16-4247-8C76-060186C5F855}.Debug|x64.Build.0 = Debug|x64
		{70170048-3A16-4247-8C76-060186C5F855}.Debug|x86.ActiveCfg = Debug|Win32
		{70170048-3A16-4247-8C76-060186C5F855}.Debug|x86.Build.0 = Debug|Win32
		{70170048-3A16-4247-8C76-060186C5F855}.Release|x64.ActiveCfg = Release|x64
		{70170048-3A16-4247-8C76-060186C5F855}.Release|x64.Build.0 = Release|x64
		{70170048-3A16-4247-8C76-060186C5F855}.Release|x86.ActiveCfg = Release|Win32
		{70170048-3A16-4247-8C76-060186C5F855}.Release|x86.Build.0 = Release|Win32
		{3D2E41B4-C02E-4B90-B4EE-EA7730B45620}.Debug|x64.ActiveCfg = Debug|x64
		{3D2E41B4-C02E-4B90-B4EE-EA7730B45620}.Debug|x64.Build.0 = Debug|x64
		{3D2E41B4-C02E-4B90-B4EE-EA7730B45620}.Debug|x86.ActiveCfg = Debug|Win32
		{3D2E41B4-C02E-4B90-B4EE-EA7730B45620}.Debug|x86.Build.0 = Debug|Win32
		{3D2E41B4-C02E-4B90-B4EE-EA7730B45620}.Release|x64.ActiveCfg = Release|x64
		{3D2E41B4-C02E-4B90-B4EE-EA7730B45620}.Release|x64.Build.0 = Release|x64
		{3D2E41B4-C02E-4B90-B4EE-EA7730B45620}.Release|x86.ActiveCfg = Release|Win32
		{3D2E41B4-C02E-4B90-B4EE-EA7730B45620}.Release|x86.Build.0 = Release|Win32
		{9AC4D3CE-9785-4A0C-8DC5-E470DDB105E1}.Debug|x64.ActiveCfg = Debug|x64
		{9AC4D3CE-9785-4A0C-8DC5-E470DDB105E1}.Debug|x64.Build.0 = Debug|x64
		{9AC4D3CE-9785-4A0C-8DC5-E470DDB105E1}.Debug|x86.ActiveCfg = Debug|Win32
		{9AC4D3CE-9785-4A0C-8DC5-E470DDB105E1}.Debug|x86.Build.0 = Debug|Win32
		{9AC4D3CE-9785-4A0C-8DC5-E470DDB105E1}.Release|x64.ActiveCfg = Release|x64
		{9AC4D3CE-9785-4A0C-8DC5-E470DDB105E1}.Release|x64.Build.0 = Release|x64
		{9AC4D3CE-9785-4A0C-8DC5-E470DDB105E1}.Release|x86.ActiveCfg = Release|Win32
		{9AC4D3CE-9785-4A0C-8DC5-E470DDB105E1}.Release|x86.Build.0 = Release|Win32
		{4B062514-2B3D-4947-8061-71AC8636385B}.Debug|x64.ActiveCfg = Debug|x64
		{4B062514-2B3D-4947-8061-71AC8636385B}.Debug|x64.Build.0 = Debug|x64
		{4B062514-2B3D-4947-8061-71AC8636385B}.Debug|x86.ActiveCfg = Debug|Win32
		{4B062514-2B3D-4947-8061-71AC8636385B}.Debug|x86.Build.0 = Debug|Win32
		{4B062514-2B3D-4947-8061-71AC8636385B}.Release|x64.ActiveCfg = Release|x64
		{4B062514-2B3D-4947-8061-71AC8636385B}.Release|x64.Build.0 = Release|x64
		{4B062514-2B3D-4947-8061-71AC8636385B}.Release|x86.ActiveCfg = Release|Win32
		{4B062514-2B3D-4947-8061-71AC8636385B}.Release|x86.Build.0 = Release|Win32
		{7B4E14B0-4DCC-48C5-9715-AEFC267D5927}.Debug|x64.ActiveCfg = Debug|x64
		{7B4E14B0-4DCC-48C5-9715-AEFC267D5927}.Debug|x64.Build.0 = Debug|x64
		{7B4E14B0-4DCC-48C5-9715-AEFC267D5927}.Debug|x86.ActiveCfg = Debug|Win32
		{7B4E14B0-4DCC-48C5-9715-AEFC267D5927}.Debug|x86.Build.0 = Debug|Win32
		{7B4E14B0-4DCC-48C5-9715-AEFC267D5927}.Release|x64.ActiveCfg = Release|x64
		{7B4E14B0-4DCC-48C5-9715-AEFC267D5927}.Release|x64.Build.0 = Release|x64
		{7B4E14B0-4DCC-48C5-9715-AEFC267D5927}.Release|x86.ActiveCfg = Release|Win32
		{7B4E14B0-4DCC-48C5-9715-AEFC267D5927}.Release|x86.Build.0 = Release|Win32
		{BE873665-A86B-45E1-AFFC-DFE96483114A}.Debug|x64.ActiveCfg = Debug|x64
		{BE873665-A86B-45E1-AFFC-DFE96483114A}.Debug|x64.Build.0 = Debug|x64
		{BE873665-A86B-45E1-AFFC-DFE96483114A}.Debug|x86.ActiveCfg = Debug|Win32
		{BE873665-A86B-45E1-AFFC-DFE96483114A}.Debug|x86.Build.0 = Debug|Win32
		{BE873665-A86B-45E1-AFFC-DFE96483114A}.Release|x64.ActiveCfg = Release|x64
		{BE873665-A86B-45E1-AFFC-DFE96483114A}.Release|x64.Build.0 = Release|x64
		{BE873665-A86B-45E1-AFFC-DFE96483114A}.Release|x86.ActiveCfg = Release|Win32
		{BE873665-A86B-45E1-AFFC-DFE96483114A}.Release|x86.Build.0 = Release|Win32
		{6A5BCFCC-460F-487E-8529-4D06BC136080}.Debug|x64.ActiveCfg = Debug|x64
		{6A5BCFCC-460F-487E-8529-4D06BC136080}.Debug|x64.Build.0 = Debug|x64
		{6A5BCFCC-460F-487E-8529-4D06BC136080}.Debug|x86.ActiveCfg = Debug|Win32
		{6A5BCFCC-460F-487E-8529-4D06BC136080}.Debug|x86.Build.0 = Debug|Win32
		{6A5BCFCC-460F-487E-8529-4D06BC136080}.Release|x64.ActiveCfg = Release|x64
		{6A5BCFCC-460F-487E-8529-4D06BC136080}.Release|x64.Build.0 = Release|x64
		{6A5BCFCC-460F-487E-8529-4D06BC136080}.Release|x86.ActiveCfg = Release|Win32
		{6A5BCFCC-460F-487E-8529-4D06BC136080}.Release|x86.Build.0 = Release|Win32
		{0F009046-7A04-4966-8A1A-53169BC4F466}.Debug|x64.ActiveCfg = Debug|x64
		{0F009046-7A04-4966-8A1A-53169BC4F466}.Debug|x64.Build.0 = Debug|x64
		{0F009046-7A04-4966-8A1A-53169BC4F466}.Debug|x86.ActiveCfg = Debug|Win32
		{0F009046-7A04-4966-8A1A-53169BC4F466}.Debug|x86.Build.0 = Debug|Win32
		{0F009046-7A04-4966-8A1A-53169BC4F466}.Release|x64.ActiveCfg = Release|x64
		{0F009046-7A04-4966-8A1A-53169BC4F466}.Release|x64.Build.0 = Release|x64
		{0F009046-7A04-4966-8A1A-53169BC4F466}.Release|x86.ActiveCfg = Release|Win32
		{0F009046-7A04-4966-8A1A-53169BC4F466}.Release|x86.Build.0 = Release|Win32
		{4B241BCA-0118-4D09-8A08-9502370C7338}.Debug|x64.ActiveCfg = Debug|x64
		{4B241BCA-0118-4D09-8A08-9502370C7338}.Debug|x64.Build.0 = Debug|x64
		{4B241BCA-0118-4D09-8A08-9502370C7338}.Debug|x86.ActiveCfg = Debug|Win32
		{4B241BCA-0118-4D09-8A08-9502370C7338}.Debug|x86.Build.0 = Debug|Win32
		{4B241BCA-0118-4D09-8A08-9502370C7338}.Release|x64.ActiveCfg = Release|x64
		{4B241BCA-0118-4D09-8A08-9502370C7338}.Release|x64.Build.0 = Release|x64
		{4B241BCA-0118-4D09-8A08-9502370C7338}.Release|x86.ActiveCfg = Release|Win32
		{4B241BCA-0118-4D09-8A08-9502370C7338}.Release|x86.Build.0 = Release|Win32
		{AA9F490E-63D6-403E-AA56-674D8C62CF22}.Debug|x64.ActiveCfg = Debug|x64
		{AA9F490E-63D6-403E-AA56-674D8C62CF22}.Debug|x64.Build.0 = Debug|x64
		{AA9F490E-63D6-403E-AA56-674D8C62CF22}.Debug|x86.ActiveCfg = Debug|Win32
		{AA9F490E-63D6-403E-AA56-674D8C62CF22}.Debug|x86.Build.0 = Debug|Win32
		{AA9F490E-63D6-403E-AA56-674D8C62CF22}.Release|x64.ActiveCfg = Release|x64
		{AA9F490E-63D6-403E-AA56-674D8C62CF22}.Release|x64.Build.0 = Release|x64
		{AA9F490E-63D6-403E-AA56-674D8C62CF22}.Release|x86.ActiveCfg = Release|Win32
		{AA9F490E-63D6-403E-AA56-674D8C62CF22}.Release|x86.Build.0 = Release|Win32
		{37FA2075-DD61-498C-BAB3-822449ADA44A}.Debug|x64.ActiveCfg = Debug|x64
		{37FA2075-DD61-498C-BAB3-822449ADA44A}.Debug|x64.Build.0 = Debug|x64
		{37FA2075-DD61-498C-BAB3-822449ADA44A}.Debug|x86.ActiveCfg = Debug|Win32
		{37FA2075-DD61-498C-BAB3-822449ADA44A}.Debug|x86.Build.0 = Debug|Win32
		{37FA2075-DD61-498C-BAB3-822449ADA44A}.Release|x64.ActiveCfg = Release|x64
		{37FA2075-DD61-498C-BAB3-822449ADA44A}.Release|x64.Build.0 = Release|x64
		{37FA2075-DD61-498C-BAB3-822449ADA44A}.Release|x86.ActiveCfg = Release|Win32
		{37FA2075-DD61-498C-BAB3-822449ADA44A}.Release|x86.Build.0 = Release|Win32
		{ABF314DE-54B3-47FC-8D34-D45B8A6ADF3E}.Debug|x64.ActiveCfg = Debug|x64
		{ABF314DE-54B3-47FC-8D34-D45B8A6ADF3E}.Debug|x64.Build.0 = Debug|x64
		{ABF314DE-54B3-47FC-8D34-D45B8A6ADF3E}.Debug|x86.ActiveCfg = Debug|Win32
		{ABF314DE-54B3-47FC-8D34-D45B8A6ADF3E}.Debug|x86.Build.0 = Debug|Win32
		{ABF314DE-54B3-47FC-8D34-D45B8A6ADF3E}.Release|x64.ActiveCfg = Release|x64
		{ABF314DE-54B3-47FC-8D34-D45B8A6ADF3E}.Release|x64.Build.0 = Release|x64
		{ABF314DE-54B3-47FC-8D34-D45B8A6ADF3E}.Release|x86.ActiveCfg = Release|Win32
		{ABF314DE-54B3-47FC-8D34-D45B8A6ADF3E}.Release|x86.Build.0 = Release|Win32
		{D68E3A3D-08BD-4914-83E1-3019428533C5}.Debug|x64.ActiveCfg = Debug|x64
		{D68E3A3D-08BD-4914-83E1-3019428533C5}.Debug|x64.Build.0 = Debug|x64
		{D68E3A3D-08BD-4914-83E1-3019428533C5}.Debug|x86.ActiveCfg = Debug|Win32
		{D68E3A3D-08BD-4914-83E1-3019428533C5}.Debug|x86.Build.0 = Debug|Win32
		{D68E3A3D-08BD-4914-83E1-3019428533C5}.Release|x64.ActiveCfg = Release|x64
		{D68E3A3D-08BD-4914-83E1-3019428533C5}.Release|x64.Build.0 = Release|x64
		{D68E3A3D-08BD-4914-83E1-3019428533C5}.Release|x86.ActiveCfg = Release|Win32
		{D68E3A3D-08BD-4914-83E1-3019428533C5}.Release|x86.Build.0 = Release|Win32
		{14AD9E80-5396-4FA2-89F0-76AE62A70C1F}.Debug|x64.ActiveCfg = Debug|x64
		{14AD9E80-5396-4FA2-89F0-76AE62A70C1F}.Debug|x64.Build.0 = Debug|x64
		{14AD9E80-5396-4FA2-89F0-76AE62A70C1F}.Debug|x86.ActiveCfg = Debug|Win32
		{14AD9E80-5396-4FA2-89F0-76AE62A70C1F}.Debug|x86.Build.0 = Debug|Win32
		{14AD9E80-5396-4FA2-89F0-76AE62A70C1F}.Release|x64.ActiveCfg = Release|x64
		{14AD9E80-5396-4FA2-89F0-76AE62A70C1F}.Release|x64.Build.0 = Release|x64
		{14AD9E80-5396-4FA2-89F0-76AE62A70C1F}.Release|x86.ActiveCfg = Release|Win32
		{14AD9E80-5396-4FA2-89F0-76AE62A70C1F}.Release|x86.Build.0 = Release|Win32
	EndGlobalSection
	GlobalSection(SolutionProperties) = preSolution
		HideSolutionNode = FALSE
	EndGlobalSection
	GlobalSection(ExtensibilityGlobals) = postSolution
		SolutionGuid = {636A19F8-AF68-4CD5-9E7A-7A42092D22D2}
	EndGlobalSection
EndGlobal
