<?xml version="1.0" encoding="utf-8"?>
<Project ToolsVersion="4.0" xmlns="http://schemas.microsoft.com/developer/msbuild/2003">
  <ItemGroup>
    <ClCompile Include="Game.cpp" />
    <ClCompile Include="InputHandler.cpp" />
    <ClCompile Include="main.cpp" />
    <ClCompile Include="TextureManager.cpp" />
    <ClCompile Include="Enemy.cpp">
      <Filter>GameObjects</Filter>
    </ClCompile>
    <ClCompile Include="Player.cpp">
      <Filter>GameObjects</Filter>
    </ClCompile>
    <ClCompile Include="SDLGameObject.cpp">
      <Filter>GameObjects</Filter>
    </ClCompile>
    <ClCompile Include="Vector2D.cpp" />
    <ClCompile Include="MenuState.cpp">
      <Filter>FSM</Filter>
    </ClCompile>
    <ClCompile Include="PlayState.cpp">
      <Filter>FSM</Filter>
    </ClCompile>
    <ClCompile Include="GameStateMachine.cpp">
      <Filter>FSM</Filter>
    </ClCompile>
  </ItemGroup>
  <ItemGroup>
    <ClInclude Include="Game.h" />
    <ClInclude Include="InputHandler.h" />
    <ClInclude Include="TextureManager.h" />
    <ClInclude Include="Vector2D.h" />
    <ClInclude Include="Enemy.h">
      <Filter>GameObjects</Filter>
    </ClInclude>
    <ClInclude Include="LoaderParams.h">
      <Filter>GameObjects</Filter>
    </ClInclude>
    <ClInclude Include="Player.h">
      <Filter>GameObjects</Filter>
    </ClInclude>
    <ClInclude Include="GameObject.h">
      <Filter>GameObjects</Filter>
    </ClInclude>
    <ClInclude Include="SDLGameObject.h">
      <Filter>GameObjects</Filter>
    </ClInclude>
    <ClInclude Include="GameState.h">
      <Filter>FSM</Filter>
    </ClInclude>
    <ClInclude Include="MenuState.h">
      <Filter>FSM</Filter>
    </ClInclude>
    <ClInclude Include="PlayState.h">
      <Filter>FSM</Filter>
    </ClInclude>
    <ClInclude Include="GameStateMachine.h">
      <Filter>FSM</Filter>
    </ClInclude>
  </ItemGroup>
  <ItemGroup>
    <Filter Include="GameObjects">
      <UniqueIdentifier>{77b90fe1-0acf-45dc-878a-a9297fbf50d5}</UniqueIdentifier>
    </Filter>
    <Filter Include="FSM">
      <UniqueIdentifier>{7c8692d8-262c-4ce6-896b-adeba75dc4d4}</UniqueIdentifier>
    </Filter>
  </ItemGroup>
</Project>